// !$*UTF8*$!
{
	archiveVersion = 1;
	classes = {
	};
	objectVersion = 50;
	objects = {

/* Begin PBXBuildFile section */
		E029B490269DA96700E359D9 /* main.swift in Sources */ = {isa = PBXBuildFile; fileRef = E029B48F269DA96700E359D9 /* main.swift */; };
		E029B499269DF1AC00E359D9 /* Car.swift in Sources */ = {isa = PBXBuildFile; fileRef = E029B498269DF1AC00E359D9 /* Car.swift */; };
		E029B49B269DF1E200E359D9 /* Setting.swift in Sources */ = {isa = PBXBuildFile; fileRef = E029B49A269DF1E200E359D9 /* Setting.swift */; };
		E029B49D269DF24E00E359D9 /* SportCar.swift in Sources */ = {isa = PBXBuildFile; fileRef = E029B49C269DF24E00E359D9 /* SportCar.swift */; };
		E029B49F269DF29600E359D9 /* SettingCar.swift in Sources */ = {isa = PBXBuildFile; fileRef = E029B49E269DF29600E359D9 /* SettingCar.swift */; };
		E029B4A2269DF56E00E359D9 /* CarError.swift in Sources */ = {isa = PBXBuildFile; fileRef = E029B4A1269DF56E00E359D9 /* CarError.swift */; };
/* End PBXBuildFile section */

/* Begin PBXCopyFilesBuildPhase section */
		E029B48A269DA96700E359D9 /* CopyFiles */ = {
			isa = PBXCopyFilesBuildPhase;
			buildActionMask = 2147483647;
			dstPath = /usr/share/man/man1/;
			dstSubfolderSpec = 0;
			files = (
			);
			runOnlyForDeploymentPostprocessing = 1;
		};
/* End PBXCopyFilesBuildPhase section */

/* Begin PBXFileReference section */
		E029B48C269DA96700E359D9 /* 7I_VvedenskyiValerii */ = {isa = PBXFileReference; explicitFileType = "compiled.mach-o.executable"; includeInIndex = 0; path = 7I_VvedenskyiValerii; sourceTree = BUILT_PRODUCTS_DIR; };
		E029B48F269DA96700E359D9 /* main.swift */ = {isa = PBXFileReference; lastKnownFileType = sourcecode.swift; path = main.swift; sourceTree = "<group>"; };
		E029B498269DF1AC00E359D9 /* Car.swift */ = {isa = PBXFileReference; lastKnownFileType = sourcecode.swift; path = Car.swift; sourceTree = "<group>"; };
		E029B49A269DF1E200E359D9 /* Setting.swift */ = {isa = PBXFileReference; lastKnownFileType = sourcecode.swift; path = Setting.swift; sourceTree = "<group>"; };
		E029B49C269DF24E00E359D9 /* SportCar.swift */ = {isa = PBXFileReference; lastKnownFileType = sourcecode.swift; path = SportCar.swift; sourceTree = "<group>"; };
		E029B49E269DF29600E359D9 /* SettingCar.swift */ = {isa = PBXFileReference; lastKnownFileType = sourcecode.swift; path = SettingCar.swift; sourceTree = "<group>"; };
		E029B4A1269DF56E00E359D9 /* CarError.swift */ = {isa = PBXFileReference; lastKnownFileType = sourcecode.swift; path = CarError.swift; sourceTree = "<group>"; };
/* End PBXFileReference section */

/* Begin PBXFrameworksBuildPhase section */
		E029B489269DA96700E359D9 /* Frameworks */ = {
			isa = PBXFrameworksBuildPhase;
			buildActionMask = 2147483647;
			files = (
			);
			runOnlyForDeploymentPostprocessing = 0;
		};
/* End PBXFrameworksBuildPhase section */

/* Begin PBXGroup section */
		E029B483269DA96700E359D9 = {
			isa = PBXGroup;
			children = (
				E029B48E269DA96700E359D9 /* 7I_VvedenskyiValerii */,
				E029B48D269DA96700E359D9 /* Products */,
			);
			sourceTree = "<group>";
		};
		E029B48D269DA96700E359D9 /* Products */ = {
			isa = PBXGroup;
			children = (
				E029B48C269DA96700E359D9 /* 7I_VvedenskyiValerii */,
			);
			name = Products;
			sourceTree = "<group>";
		};
		E029B48E269DA96700E359D9 /* 7I_VvedenskyiValerii */ = {
			isa = PBXGroup;
			children = (
				E029B4A0269DF55600E359D9 /* Enums */,
				E029B497269DEAA000E359D9 /* Protocols */,
				E029B496269DEA9200E359D9 /* Classes */,
				E029B48F269DA96700E359D9 /* main.swift */,
			);
			path = 7I_VvedenskyiValerii;
			sourceTree = "<group>";
		};
		E029B496269DEA9200E359D9 /* Classes */ = {
			isa = PBXGroup;
			children = (
				E029B49C269DF24E00E359D9 /* SportCar.swift */,
				E029B49E269DF29600E359D9 /* SettingCar.swift */,
			);
			path = Classes;
			sourceTree = "<group>";
		};
		E029B497269DEAA000E359D9 /* Protocols */ = {
			isa = PBXGroup;
			children = (
				E029B498269DF1AC00E359D9 /* Car.swift */,
				E029B49A269DF1E200E359D9 /* Setting.swift */,
			);
			path = Protocols;
			sourceTree = "<group>";
		};
		E029B4A0269DF55600E359D9 /* Enums */ = {
			isa = PBXGroup;
			children = (
				E029B4A1269DF56E00E359D9 /* CarError.swift */,
			);
			path = Enums;
			sourceTree = "<group>";
		};
/* End PBXGroup section */

/* Begin PBXNativeTarget section */
		E029B48B269DA96700E359D9 /* 7I_VvedenskyiValerii */ = {
			isa = PBXNativeTarget;
			buildConfigurationList = E029B493269DA96700E359D9 /* Build configuration list for PBXNativeTarget "7I_VvedenskyiValerii" */;
			buildPhases = (
				E029B488269DA96700E359D9 /* Sources */,
				E029B489269DA96700E359D9 /* Frameworks */,
				E029B48A269DA96700E359D9 /* CopyFiles */,
			);
			buildRules = (
			);
			dependencies = (
			);
			name = 7I_VvedenskyiValerii;
			productName = 7I_VvedenskyiValerii;
			productReference = E029B48C269DA96700E359D9 /* 7I_VvedenskyiValerii */;
			productType = "com.apple.product-type.tool";
		};
/* End PBXNativeTarget section */

/* Begin PBXProject section */
		E029B484269DA96700E359D9 /* Project object */ = {
			isa = PBXProject;
			attributes = {
				LastSwiftUpdateCheck = 1250;
				LastUpgradeCheck = 1250;
				TargetAttributes = {
					E029B48B269DA96700E359D9 = {
						CreatedOnToolsVersion = 12.5.1;
					};
				};
			};
			buildConfigurationList = E029B487269DA96700E359D9 /* Build configuration list for PBXProject "7I_VvedenskyiValerii" */;
			compatibilityVersion = "Xcode 9.3";
			developmentRegion = en;
			hasScannedForEncodings = 0;
			knownRegions = (
				en,
				Base,
			);
			mainGroup = E029B483269DA96700E359D9;
			productRefGroup = E029B48D269DA96700E359D9 /* Products */;
			projectDirPath = "";
			projectRoot = "";
			targets = (
				E029B48B269DA96700E359D9 /* 7I_VvedenskyiValerii */,
			);
		};
/* End PBXProject section */

/* Begin PBXSourcesBuildPhase section */
		E029B488269DA96700E359D9 /* Sources */ = {
			isa = PBXSourcesBuildPhase;
			buildActionMask = 2147483647;
			files = (
				E029B49F269DF29600E359D9 /* SettingCar.swift in Sources */,
				E029B499269DF1AC00E359D9 /* Car.swift in Sources */,
				E029B490269DA96700E359D9 /* main.swift in Sources */,
				E029B4A2269DF56E00E359D9 /* CarError.swift in Sources */,
				E029B49B269DF1E200E359D9 /* Setting.swift in Sources */,
				E029B49D269DF24E00E359D9 /* SportCar.swift in Sources */,
			);
			runOnlyForDeploymentPostprocessing = 0;
		};
/* End PBXSourcesBuildPhase section */

/* Begin XCBuildConfiguration section */
		E029B491269DA96700E359D9 /* Debug */ = {
			isa = XCBuildConfiguration;
			buildSettings = {
				ALWAYS_SEARCH_USER_PATHS = NO;
				CLANG_ANALYZER_NONNULL = YES;
				CLANG_ANALYZER_NUMBER_OBJECT_CONVERSION = YES_AGGRESSIVE;
				CLANG_CXX_LANGUAGE_STANDARD = "gnu++14";
				CLANG_CXX_LIBRARY = "libc++";
				CLANG_ENABLE_MODULES = YES;
				CLANG_ENABLE_OBJC_ARC = YES;
				CLANG_ENABLE_OBJC_WEAK = YES;
				CLANG_WARN_BLOCK_CAPTURE_AUTORELEASING = YES;
				CLANG_WARN_BOOL_CONVERSION = YES;
				CLANG_WARN_COMMA = YES;
				CLANG_WARN_CONSTANT_CONVERSION = YES;
				CLANG_WARN_DEPRECATED_OBJC_IMPLEMENTATIONS = YES;
				CLANG_WARN_DIRECT_OBJC_ISA_USAGE = YES_ERROR;
				CLANG_WARN_DOCUMENTATION_COMMENTS = YES;
				CLANG_WARN_EMPTY_BODY = YES;
				CLANG_WARN_ENUM_CONVERSION = YES;
				CLANG_WARN_INFINITE_RECURSION = YES;
				CLANG_WARN_INT_CONVERSION = YES;
				CLANG_WARN_NON_LITERAL_NULL_CONVERSION = YES;
				CLANG_WARN_OBJC_IMPLICIT_RETAIN_SELF = YES;
				CLANG_WARN_OBJC_LITERAL_CONVERSION = YES;
				CLANG_WARN_OBJC_ROOT_CLASS = YES_ERROR;
				CLANG_WARN_QUOTED_INCLUDE_IN_FRAMEWORK_HEADER = YES;
				CLANG_WARN_RANGE_LOOP_ANALYSIS = YES;
				CLANG_WARN_STRICT_PROTOTYPES = YES;
				CLANG_WARN_SUSPICIOUS_MOVE = YES;
				CLANG_WARN_UNGUARDED_AVAILABILITY = YES_AGGRESSIVE;
				CLANG_WARN_UNREACHABLE_CODE = YES;
				CLANG_WARN__DUPLICATE_METHOD_MATCH = YES;
				COPY_PHASE_STRIP = NO;
				DEBUG_INFORMATION_FORMAT = dwarf;
				ENABLE_STRICT_OBJC_MSGSEND = YES;
				ENABLE_TESTABILITY = YES;
				GCC_C_LANGUAGE_STANDARD = gnu11;
				GCC_DYNAMIC_NO_PIC = NO;
				GCC_NO_COMMON_BLOCKS = YES;
				GCC_OPTIMIZATION_LEVEL = 0;
				GCC_PREPROCESSOR_DEFINITIONS = (
					"DEBUG=1",
					"$(inherited)",
				);
				GCC_WARN_64_TO_32_BIT_CONVERSION = YES;
				GCC_WARN_ABOUT_RETURN_TYPE = YES_ERROR;
				GCC_WARN_UNDECLARED_SELECTOR = YES;
				GCC_WARN_UNINITIALIZED_AUTOS = YES_AGGRESSIVE;
				GCC_WARN_UNUSED_FUNCTION = YES;
				GCC_WARN_UNUSED_VARIABLE = YES;
				MACOSX_DEPLOYMENT_TARGET = 11.3;
				MTL_ENABLE_DEBUG_INFO = INCLUDE_SOURCE;
				MTL_FAST_MATH = YES;
				ONLY_ACTIVE_ARCH = YES;
				SDKROOT = macosx;
				SWIFT_ACTIVE_COMPILATION_CONDITIONS = DEBUG;
				SWIFT_OPTIMIZATION_LEVEL = "-Onone";
			};
			name = Debug;
		};
		E029B492269DA96700E359D9 /* Release */ = {
			isa = XCBuildConfiguration;
			buildSettings = {
				ALWAYS_SEARCH_USER_PATHS = NO;
				CLANG_ANALYZER_NONNULL = YES;
				CLANG_ANALYZER_NUMBER_OBJECT_CONVERSION = YES_AGGRESSIVE;
				CLANG_CXX_LANGUAGE_STANDARD = "gnu++14";
				CLANG_CXX_LIBRARY = "libc++";
				CLANG_ENABLE_MODULES = YES;
				CLANG_ENABLE_OBJC_ARC = YES;
				CLANG_ENABLE_OBJC_WEAK = YES;
				CLANG_WARN_BLOCK_CAPTURE_AUTORELEASING = YES;
				CLANG_WARN_BOOL_CONVERSION = YES;
				CLANG_WARN_COMMA = YES;
				CLANG_WARN_CONSTANT_CONVERSION = YES;
				CLANG_WARN_DEPRECATED_OBJC_IMPLEMENTATIONS = YES;
				CLANG_WARN_DIRECT_OBJC_ISA_USAGE = YES_ERROR;
				CLANG_WARN_DOCUMENTATION_COMMENTS = YES;
				CLANG_WARN_EMPTY_BODY = YES;
				CLANG_WARN_ENUM_CONVERSION = YES;
				CLANG_WARN_INFINITE_RECURSION = YES;
				CLANG_WARN_INT_CONVERSION = YES;
				CLANG_WARN_NON_LITERAL_NULL_CONVERSION = YES;
				CLANG_WARN_OBJC_IMPLICIT_RETAIN_SELF = YES;
				CLANG_WARN_OBJC_LITERAL_CONVERSION = YES;
				CLANG_WARN_OBJC_ROOT_CLASS = YES_ERROR;
				CLANG_WARN_QUOTED_INCLUDE_IN_FRAMEWORK_HEADER = YES;
				CLANG_WARN_RANGE_LOOP_ANALYSIS = YES;
				CLANG_WARN_STRICT_PROTOTYPES = YES;
				CLANG_WARN_SUSPICIOUS_MOVE = YES;
				CLANG_WARN_UNGUARDED_AVAILABILITY = YES_AGGRESSIVE;
				CLANG_WARN_UNREACHABLE_CODE = YES;
				CLANG_WARN__DUPLICATE_METHOD_MATCH = YES;
				COPY_PHASE_STRIP = NO;
				DEBUG_INFORMATION_FORMAT = "dwarf-with-dsym";
				ENABLE_NS_ASSERTIONS = NO;
				ENABLE_STRICT_OBJC_MSGSEND = YES;
				GCC_C_LANGUAGE_STANDARD = gnu11;
				GCC_NO_COMMON_BLOCKS = YES;
				GCC_WARN_64_TO_32_BIT_CONVERSION = YES;
				GCC_WARN_ABOUT_RETURN_TYPE = YES_ERROR;
				GCC_WARN_UNDECLARED_SELECTOR = YES;
				GCC_WARN_UNINITIALIZED_AUTOS = YES_AGGRESSIVE;
				GCC_WARN_UNUSED_FUNCTION = YES;
				GCC_WARN_UNUSED_VARIABLE = YES;
				MACOSX_DEPLOYMENT_TARGET = 11.3;
				MTL_ENABLE_DEBUG_INFO = NO;
				MTL_FAST_MATH = YES;
				SDKROOT = macosx;
				SWIFT_COMPILATION_MODE = wholemodule;
				SWIFT_OPTIMIZATION_LEVEL = "-O";
			};
			name = Release;
		};
		E029B494269DA96700E359D9 /* Debug */ = {
			isa = XCBuildConfiguration;
			buildSettings = {
				CODE_SIGN_STYLE = Automatic;
				DEVELOPMENT_TEAM = 7BZ6VJ9448;
				ENABLE_HARDENED_RUNTIME = YES;
				PRODUCT_NAME = "$(TARGET_NAME)";
				SWIFT_VERSION = 5.0;
			};
			name = Debug;
		};
		E029B495269DA96700E359D9 /* Release */ = {
			isa = XCBuildConfiguration;
			buildSettings = {
				CODE_SIGN_STYLE = Automatic;
				DEVELOPMENT_TEAM = 7BZ6VJ9448;
				ENABLE_HARDENED_RUNTIME = YES;
				PRODUCT_NAME = "$(TARGET_NAME)";
				SWIFT_VERSION = 5.0;
			};
			name = Release;
		};
/* End XCBuildConfiguration section */

/* Begin XCConfigurationList section */
		E029B487269DA96700E359D9 /* Build configuration list for PBXProject "7I_VvedenskyiValerii" */ = {
			isa = XCConfigurationList;
			buildConfigurations = (
				E029B491269DA96700E359D9 /* Debug */,
				E029B492269DA96700E359D9 /* Release */,
			);
			defaultConfigurationIsVisible = 0;
			defaultConfigurationName = Release;
		};
		E029B493269DA96700E359D9 /* Build configuration list for PBXNativeTarget "7I_VvedenskyiValerii" */ = {
			isa = XCConfigurationList;
			buildConfigurations = (
				E029B494269DA96700E359D9 /* Debug */,
				E029B495269DA96700E359D9 /* Release */,
			);
			defaultConfigurationIsVisible = 0;
			defaultConfigurationName = Release;
		};
/* End XCConfigurationList section */
	};
	rootObject = E029B484269DA96700E359D9 /* Project object */;
}
